
Microsoft Visual Studio Solution File, Format Version 12.00
# Visual Studio Version 17
VisualStudioVersion = 17.0.31919.166
MinimumVisualStudioVersion = 10.0.40219.1
Project("{8BC9CEB8-8B4A-11D0-8D11-00A0C91BC942}") = "TestFor2022", "TestFor2022.vcxproj", "{E250BEC9-9730-4539-9C34-3EA7B7EC0995}"
EndProject
Global
	GlobalSection(SolutionConfigurationPlatforms) = preSolution
		Debug|x64 = Debug|x64
		Debug|x86 = Debug|x86
		Release|x64 = Release|x64
		Release|x86 = Release|x86
	EndGlobalSection
	GlobalSection(ProjectConfigurationPlatforms) = postSolution
		{E250BEC9-9730-4539-9C34-3EA7B7EC0995}.Debug|x64.ActiveCfg = Debug|x64
		{E250BEC9-9730-4539-9C34-3EA7B7EC0995}.Debug|x64.Build.0 = Debug|x64
		{E250BEC9-9730-4539-9C34-3EA7B7EC0995}.Debug|x86.ActiveCfg = Debug|Win32
		{E250BEC9-9730-4539-9C34-3EA7B7EC0995}.Debug|x86.Build.0 = Debug|Win32
		{E250BEC9-9730-4539-9C34-3EA7B7EC0995}.Release|x64.ActiveCfg = Release|x64
		{E250BEC9-9730-4539-9C34-3EA7B7EC0995}.Release|x64.Build.0 = Release|x64
		{E250BEC9-9730-4539-9C34-3EA7B7EC0995}.Release|x86.ActiveCfg = Release|Win32
		{E250BEC9-9730-4539-9C34-3EA7B7EC0995}.Release|x86.Build.0 = Release|Win32
	EndGlobalSection
	GlobalSection(SolutionProperties) = preSolution
		HideSolutionNode = FALSE
	EndGlobalSection
	GlobalSection(ExtensibilityGlobals) = postSolution
		SolutionGuid = {4E37AA8C-BBAF-4B52-A776-F23F41E9A4E6}
	EndGlobalSection
EndGlobal
